version = 1
revision = 3
requires-python = "==3.14.*"

[[package]]
name = "colorama"
version = "0.4.6"
source = { registry = "https://pypi.org/simple" }
sdist = { url = "https://files.pythonhosted.org/packages/d8/53/6f443c9a4a8358a93a6792e2acffb9d9d5cb0a5cfd8802644b7b1c9a02e4/colorama-0.4.6.tar.gz", hash = "sha256:08695f5cb7ed6e0531a20572697297273c47b8cae5a63ffc6d6ed5c201be6e44", size = 27697, upload-time = "2022-10-25T02:36:22.414Z" }
wheels = [
    { url = "https://files.pythonhosted.org/packages/d1/d6/3965ed04c63042e047cb6a3e6ed1a63a35087b6a609aa3a15ed8ac56c221/colorama-0.4.6-py2.py3-none-any.whl", hash = "sha256:4f1d9991f5acc0ca119f9d443620b77f9d6b33703e51011c16baf57afb285fc6", size = 25335, upload-time = "2022-10-25T02:36:20.889Z" },
]

[[package]]
name = "coverage"
version = "7.16.2"
source = { registry = "https://pypi.org/simple" }
sdist = { url = "https://files.pythonhosted.org/packages/2f/55/d1eaf3e73781174340a00dc1ba2aee8a65f82fadb18e2797b192b6b3925b/coverage-7.16.2.tar.gz", hash = "sha256:ca64d9f1f384f151b9511bec01126072acd2f313439f8ed015a22d8790aab6fa", size = 971999, upload-time = "2026-09-27T12:29:01.118Z" }
wheels = [
    { url = "https://files.pythonhosted.org/packages/59/4c/577fc0803dab4155dcf808faffbdd7b159256781c0874a8586e17b81b149/coverage-7.16.2-cp314-cp314-macosx_10_15_x86_64.whl", hash = "sha256:4ee546b9e4872ffa194bf07ac87bfa1202ebb824d0795dc1ef22f175545ca90a", size = 224138, upload-time = "2026-09-27T12:27:05.141Z" },
    { url = "https://files.pythonhosted.org/packages/75/9e/e3785ba3ecba2bd11efc74bfe2801ca4b78c4480b15a375648d809a59da3/coverage-7.16.2-cp314-cp314-macosx_11_0_arm64.whl", hash = "sha256:a2fac6895eb299a2e52d7bbb8fb3903502b9da8d3f5309ceb16ec40c646b58ee", size = 224445, upload-time = "2026-09-27T12:27:06.805Z" },
    { url = "https://files.pythonhosted.org/packages/f0/d0/963ff22d3fd27117da3b8cc442f5bdc91196f783321e1a8ff0ec43476772/coverage-7.16.2-cp314-cp314-manylinux1_i686.manylinux_2_28_i686.manylinux_2_5_i686.whl", hash = "sha256:57ff3783f99d75a1e81dd56a9737eb5665e6736a5d93258ba596b6dcad8fd05b", size = 256112, upload-time = "2026-09-27T12:27:08.43Z" },
    { url = "https://files.pythonhosted.org/packages/a8/d4/a306940c81c6ae759e82fff27d20b7fdc6896e422b821f51313cce212b6c/coverage-7.16.2-cp314-cp314-manylinux1_x86_64.manylinux_2_28_x86_64.manylinux_2_5_x86_64.whl", hash = "sha256:35f37886699cb9abd29958247d718628d5bc6f39e623dff66a09e546c42a7e03", size = 258727, upload-time = "2026-09-27T12:27:09.927Z" },
    { url = "https://files.pythonhosted.org/packages/b9/a3/d3d99d93b02517087aa05bc0cf2d04d372956b849e5443e059079901429b/coverage-7.16.2-cp314-cp314-manylinux2014_aarch64.manylinux_2_17_aarch64.manylinux_2_28_aarch64.whl", hash = "sha256:0fd7a86fdda7cb6d616d178654bd0ad6bc0f3f33c2e478aa598500a1a9e34eda", size = 259909, upload-time = "2026-09-27T12:27:11.55Z" },
    { url = "https://files.pythonhosted.org/packages/08/44/39dd599181726758dd185ae4dc0c0ab3aeabf7ca70e68e145060feeaaa16/coverage-7.16.2-cp314-cp314-manylinux2014_ppc64le.manylinux_2_17_ppc64le.manylinux_2_28_ppc64le.whl", hash = "sha256:ac0f3b379c94acc2f7dce5f5f0b24d44fa1cc6a509717ef83dfee07450c2117c", size = 262481, upload-time = "2026-09-27T12:27:13.17Z" },
    { url = "https://files.pythonhosted.org/packages/99/e8/91ee43f6ded411460c359d7e1aebde4d6fd8f00a2e5394182d9d212eb23c/coverage-7.16.2-cp314-cp314-manylinux_2_31_riscv64.manylinux_2_39_riscv64.whl", hash = "sha256:7d0732c83746bc24123c581a85d9dd96b70ddb538c9076020aa1a041790361e9", size = 256012, upload-time = "2026-09-27T12:27:14.91Z" },
    { url = "https://files.pythonhosted.org/packages/11/8c/e9499ddc33197bd7eabcb1118ca81756fc874457b324e2b479a4804b2ad2/coverage-7.16.2-cp314-cp314-musllinux_1_2_aarch64.whl", hash = "sha256:7b451c68218c150f616bc9649783ec8de76a59792c759b43aa0c9c0466a465e4", size = 257898, upload-time = "2026-09-27T12:27:16.588Z" },
    { url = "https://files.pythonhosted.org/packages/5f/6e/c081cb5991a0afba99f9c4ad6c74a5fce9513a38ddc64e3e6680c6fed9af/coverage-7.16.2-cp314-cp314-musllinux_1_2_i686.whl", hash = "sha256:a56ac4fa5a75c7e182e8f62600cfb4aff43c5ed7356a034f3557659c3bec1d90", size = 255938, upload-time = "2026-09-27T12:27:18.19Z" },
    { url = "https://files.pythonhosted.org/packages/b2/42/1c3d819e8f9b6eb01c2fe90874d67a8882adb9507e0bbb09361ed131ea89/coverage-7.16.2-cp314-cp314-musllinux_1_2_ppc64le.whl", hash = "sha256:4cc4f73aa3fabc36e32046d6cd2971405948d8a903636508a3d3b2f9128b3a95", size = 260368, upload-time = "2026-09-27T12:27:19.903Z" },
    { url = "https://files.pythonhosted.org/packages/19/4f/d70eac07901fd587b6ab05e659b52afe13959992aa5113bf6cce059cc572/coverage-7.16.2-cp314-cp314-musllinux_1_2_riscv64.whl", hash = "sha256:723dcdab91357159b722935b500ee8abc0a66c8c432e1e9fabf4cc7598952de8", size = 255620, upload-time = "2026-09-27T12:27:21.621Z" },
    { url = "https://files.pythonhosted.org/packages/34/5e/6d87af88317d3d9a9b18a9ca1bc1673eb516917f296e579d0d4a55cb3490/coverage-7.16.2-cp314-cp314-musllinux_1_2_x86_64.whl", hash = "sha256:5397e21a90dde0e9c6896b77ded8f0be26b66f8b22b33aed41f6043ed95d55e6", size = 257521, upload-time = "2026-09-27T12:27:23.358Z" },
    { url = "https://files.pythonhosted.org/packages/79/bb/90c2641170d2fa1a6757b3f8450ba2740197317b0ddd749e9604b914e886/coverage-7.16.2-cp314-cp314-win32.whl", hash = "sha256:848893e1d361448c113dc2f0913503522a6f7be231d0e38333d2a22d9698a011", size = 226248, upload-time = "2026-09-27T12:27:25.153Z" },
    { url = "https://files.pythonhosted.org/packages/30/08/d8d0478bb02c8eb0ae20a496fc80c40fcf4d3450bd184300d682ba2d28a6/coverage-7.16.2-cp314-cp314-win_amd64.whl", hash = "sha256:5a27b731c171e43dc8b5f32b76a5051dde2ec9b9366c87028f08a7088ebc2c7b", size = 226732, upload-time = "2026-09-27T12:27:26.907Z" },
    { url = "https://files.pythonhosted.org/packages/32/3f/0001da22155b0a8ce063ec0f7e64ecbe17b373f306e7a74435f6d6accb72/coverage-7.16.2-cp314-cp314-win_arm64.whl", hash = "sha256:1c569a9fd25505f1cd6bea90588818f90373ce90e2632e2cacf19ddbd6e14fdb", size = 226645, upload-time = "2026-09-27T12:27:28.588Z" },
    { url = "https://files.pythonhosted.org/packages/d7/85/6d8813aff9b8b8586691a9d33c43c5604f7227622574da7cdc3d91a86861/coverage-7.16.2-cp314-cp314t-macosx_10_15_x86_64.whl", hash = "sha256:d93db87adb6b1c1b408dce4763314b55d76a9f589e96783a84ac9e7689e48bdf", size = 224871, upload-time = "2026-09-27T12:27:30.32Z" },
    { url = "https://files.pythonhosted.org/packages/5c/70/444f3a4981ac2cda40fdcf4cc9b56a4e1a33c222abeb33e51ed3e3eb2a6b/coverage-7.16.2-cp314-cp314t-macosx_11_0_arm64.whl", hash = "sha256:aa62c85046473959c13ba9edca9dc90a77d5c1095b1ba313556314d77fe5b036", size = 225123, upload-time = "2026-09-27T12:27:32.33Z" },
    { url = "https://files.pythonhosted.org/packages/d0/c1/980681cd7b33eb66ac835044116ef0a92e11fcc7bdd866cc89d10b1130b9/coverage-7.16.2-cp314-cp314t-manylinux1_i686.manylinux_2_28_i686.manylinux_2_5_i686.whl", hash = "sha256:db76506aa5416081f3e8974ae0f7965c58ada0bb0ef7339ac86099588dbb20d3", size = 265049, upload-time = "2026-09-27T12:27:34.085Z" },
    { url = "https://files.pythonhosted.org/packages/b2/e3/87679875c33bb2191f0f05544a1cc9adcc940fe0c35443a10f2df753dde5/coverage-7.16.2-cp314-cp314t-manylinux1_x86_64.manylinux_2_28_x86_64.manylinux_2_5_x86_64.whl", hash = "sha256:a0f2285329dac10ab08f79cb11f5692c497018e6c7c511f95e6fd63a70b8f831", size = 267717, upload-time = "2026-09-27T12:27:36.025Z" },
    { url = "https://files.pythonhosted.org/packages/76/64/5d372776d6eb523d4e93bafba2253f96984e3b18261c4cc56a50863c6d0d/coverage-7.16.2-cp314-cp314t-manylinux2014_aarch64.manylinux_2_17_aarch64.manylinux_2_28_aarch64.whl", hash = "sha256:382d3346d56b0eec1b793d53a4c88799c8053f516aa3a8d7c44315696954bacf", size = 270047, upload-time = "2026-09-27T12:27:37.96Z" },
    { url = "https://files.pythonhosted.org/packages/be/c1/44082ff0cbf9f97d0043f57970a71204097ec7ba606361a9fd2065393669/coverage-7.16.2-cp314-cp314t-manylinux2014_ppc64le.manylinux_2_17_ppc64le.manylinux_2_28_ppc64le.whl", hash = "sha256:648352b94507179d82637292e7ae8802508d95f78e2f00a705a50b6c48011681", size = 271360, upload-time = "2026-09-27T12:27:39.766Z" },
    { url = "https://files.pythonhosted.org/packages/b8/17/9a215efe25b5e0ecc87c89dbe525c4a87d14d87c8c0c7316ef140a5f6f3e/coverage-7.16.2-cp314-cp314t-manylinux_2_31_riscv64.manylinux_2_39_riscv64.whl", hash = "sha256:fb2bde05838fffae1a1bf75e5d411a6cac3e4e9bb97e6640fed8cd47888b33f0", size = 264736, upload-time = "2026-09-27T12:27:42.072Z" },
    { url = "https://files.pythonhosted.org/packages/a2/da/7f0a31af8e448107d4d32844bd684757f51ea907bc0c68c8fd537b2123ff/coverage-7.16.2-cp314-cp314t-musllinux_1_2_aarch64.whl", hash = "sha256:6a75180829efb8ae62b4aded25be6ddca1c888d138d2d82e21d93bfbd88f41cb", size = 267600, upload-time = "2026-09-27T12:27:43.85Z" },
    { url = "https://files.pythonhosted.org/packages/dd/a4/3bfecbd3366b775bacdcb3330394d356cf384b5d8f5b2146ac4b14b252b5/coverage-7.16.2-cp314-cp314t-musllinux_1_2_i686.whl", hash = "sha256:99704f73721e23859112072d522076e11c31744fc96b5652e5dd2018aa4359f7", size = 264767, upload-time = "2026-09-27T12:27:45.768Z" },
    { url = "https://files.pythonhosted.org/packages/b8/3f/5d62163732d87e4a0c4710a0eab30f0fd6a2d480112abe2029f014fe8c9d/coverage-7.16.2-cp314-cp314t-musllinux_1_2_ppc64le.whl", hash = "sha256:29309ccc86b7f33df7db12813c299f215bbbc470ed6292d0bedd63ffae1ebf64", size = 269026, upload-time = "2026-09-27T12:27:47.787Z" },
    { url = "https://files.pythonhosted.org/packages/49/4d/8e4579f225426535085a9be371cc75e3b026d058d679b80affbdfb4c3ef0/coverage-7.16.2-cp314-cp314t-musllinux_1_2_riscv64.whl", hash = "sha256:30c1b65d529e46569899fadca59e4a87c1faf2886923f1307ba61e654d4f3c20", size = 264147, upload-time = "2026-09-27T12:27:49.681Z" },
    { url = "https://files.pythonhosted.org/packages/d1/36/ef1f77e2c3f7bb03c2b13b9a2006f88700fdd75535ef158d70049f425c1c/coverage-7.16.2-cp314-cp314t-musllinux_1_2_x86_64.whl", hash = "sha256:dcf4bc2aab4e16b1c4c0c2005918f23a7dd5d7821ddae82caed9e3342dc2fcce", size = 266376, upload-time = "2026-09-27T12:27:51.551Z" },
    { url = "https://files.pythonhosted.org/packages/be/79/0cb2bf4428830dec971c718c2c841a039c084415c99e67281f5a72841aab/coverage-7.16.2-cp314-cp314t-win32.whl", hash = "sha256:a9cd3de0a5bfe7b0e21ee10e1a14e3d61bf52efc88217ab1d95d6ace6970bd46", size = 226585, upload-time = "2026-09-27T12:27:53.945Z" },
    { url = "https://files.pythonhosted.org/packages/3c/f9/da17121c16667fd84998e972200ae226a41540f6ea4795776c6d99e8976f/coverage-7.16.2-cp314-cp314t-win_amd64.whl", hash = "sha256:611a44e5229a59d7483ce830160e1a0e85f700562c7a5651c7c63fb8f4eb528c", size = 227378, upload-time = "2026-09-27T12:27:55.778Z" },
    { url = "https://files.pythonhosted.org/packages/74/89/01179c62d1b7e6e33bd5001566b02d7f778cf33d3ec1e81e94ca170c517f/coverage-7.16.2-cp314-cp314t-win_arm64.whl", hash = "sha256:22957cef43ce038641de78ba995de7568d2d6a37c6ddbf7fa0fd7d1ae2344d91", size = 227064, upload-time = "2026-09-27T12:27:57.496Z" },
    { url = "https://files.pythonhosted.org/packages/3f/0c/7a64e1ac90541a8edf50daef0914848011fb057a5bf55284a4811e21939a/coverage-7.16.2-py3-none-any.whl", hash = "sha256:11d28e9123a9156cb405d8d27b44256c9a58fb5decc2073a8f17862057e3aa0f", size = 215754, upload-time = "2026-09-27T12:28:59.075Z" },
]

[[package]]
name = "factoracci"
version = "0.2.0"
source = { editable = "." }

[package.dev-dependencies]
lint = [
    { name = "ruff" },
    { name = "ty" },
]
test = [
    { name = "pytest" },
    { name = "pytest-benchmark" },
    { name = "pytest-cov" },
    { name = "pytest-random-order" },
]

[package.metadata]

[package.metadata.requires-dev]
lint = [
    { name = "ruff", specifier = ">=0.16.9" },
    { name = "ty", specifier = ">=0.0.84" },
]
test = [
    { name = "pytest", specifier = ">=9.1.1" },
    { name = "pytest-benchmark", specifier = ">=5.3.0" },
    { name = "pytest-cov", specifier = ">=7.1.0" },
    { name = "pytest-random-order", specifier = ">=1.2.0" },
]

[[package]]
name = "iniconfig"
version = "2.3.0"
source = { registry = "https://pypi.org/simple" }
sdist = { url = "https://files.pythonhosted.org/packages/72/34/14ca021ce8e5dfedc35312d08ba8bf51fdd999c576889fc2c24cb97f4f10/iniconfig-2.3.0.tar.gz", hash = "sha256:c76315c77db068650d49c5b56314774a7804df16fee4402c1f19d6d15d8c4730", size = 20503, upload-time = "2025-10-18T21:55:43.219Z" }
wheels = [
    { url = "https://files.pythonhosted.org/packages/cb/b1/3846dd7f199d53cb17f49cba7e651e9ce294d8497c8c150530ed11865bb8/iniconfig-2.3.0-py3-none-any.whl", hash = "sha256:f631c04d2c48c52b84d0d0549c99ff3859c98df65b3101406327ecc7d53fbf12", size = 7484, upload-time = "2025-10-18T21:55:41.639Z" },
]

[[package]]
name = "packaging"
version = "26.3"
source = { registry = "https://pypi.org/simple" }
sdist = { url = "https://files.pythonhosted.org/packages/7d/fa/3944b40b07da9ce895c0e6303a5ab7d53da063554f534556b134a54d6093/packaging-26.3.tar.gz", hash = "sha256:94edc256424af38762eb31306eed28beb9f0efc50a8837492c9d6fd6004aed79", size = 313412, upload-time = "2026-08-04T18:15:28.737Z" }
wheels = [
    { url = "https://files.pythonhosted.org/packages/63/34/ba1c580383c9eada3711951fef0795c80b829a078d72188184bcab9dd527/packaging-26.3-py3-none-any.whl", hash = "sha256:d7193f7c8e4e93f444fde0262bf90af30e16fa0ad0ad44cb553c87339b23cd1c", size = 129956, upload-time = "2026-08-04T18:15:27.159Z" },
]

[[package]]
name = "pluggy"
version = "1.6.0"
source = { registry = "https://pypi.org/simple" }
sdist = { url = "https://files.pythonhosted.org/packages/f9/e2/3e91f31a7d2b083fe6ef3fa267035b518369d9511ffab804f839851d2779/pluggy-1.6.0.tar.gz", hash = "sha256:7dcc130b76258d33b90f61b658791dede3486c3e6bfb003ee5c9bfb396dd22f3", size = 69412, upload-time = "2025-05-15T12:30:07.975Z" }
wheels = [
    { url = "https://files.pythonhosted.org/packages/54/20/4d324d65cc6d9205fabedc306948156824eb9f0ee1633355a8f7ec5c66bf/pluggy-1.6.0-py3-none-any.whl", hash = "sha256:e920276dd6813095e9377c0bc5566d94c932c33b27a3e3945d8389c374dd4746", size = 20538, upload-time = "2025-05-15T12:30:06.134Z" },
]

[[package]]
name = "py-cpuinfo2"
version = "10.1.1"
source = { registry = "https://pypi.org/simple" }
sdist = { url = "https://files.pythonhosted.org/packages/dc/97/a8b1ddada14c8280a047c0746f95cb05d94a31b1a331cea22bcdc2b2a82d/py_cpuinfo2-10.1.1.tar.gz", hash = "sha256:7861133863663f16e06eca63b12904ef100b5760415e92372dac0162799a4771", size = 100840, upload-time = "2026-03-25T21:49:40.797Z" }
wheels = [
    { url = "https://files.pythonhosted.org/packages/23/0a/ba69d2dde1ae12ef1d389ea5a216384c5ff6ef7a1e7a48d1e9b6686f6790/py_cpuinfo2-10.1.1-py3-none-any.whl", hash = "sha256:adc53396bfb206e6498d078ec2ab407f85799ecd819584ac36a8f80a2d4d762d", size = 23791, upload-time = "2026-03-25T21:49:39.574Z" },
]

[[package]]
name = "pygments"
version = "2.21.0"
source = { registry = "https://pypi.org/simple" }
sdist = { url = "https://files.pythonhosted.org/packages/49/2e/ced460408999b33da6b31b0021b0f37d329e202d4169aeb164493778f25b/pygments-2.21.0.tar.gz", hash = "sha256:610ca751c9bc2492b38eb9a38a7fbc93edbbb2d7182edaf34e66ae493dee5c8c", size = 5005329, upload-time = "2026-08-17T08:02:48.824Z" }
wheels = [
    { url = "https://files.pythonhosted.org/packages/71/46/17f022dd3e953bf20a04a028a21ec746d942f8d2af30fa0f124fa0e6a684/pygments-2.21.0-py3-none-any.whl", hash = "sha256:2363c69b61c4a97c838da3b130dcd6468f4848992b21a82f2a63ec34377137d9", size = 1250147, upload-time = "2026-08-17T08:02:44.912Z" },
]

[[package]]
name = "pytest"
version = "9.1.1"
source = { registry = "https://pypi.org/simple" }
dependencies = [
    { name = "colorama", marker = "sys_platform == 'win32'" },
    { name = "iniconfig" },
    { name = "packaging" },
    { name = "pluggy" },
    { name = "pygments" },
]
sdist = { url = "https://files.pythonhosted.org/packages/e4/47/b9efed96c114afcfa3c9d3fe98a76a1d14c74a9e266d397cf6eb64be5e01/pytest-9.1.1.tar.gz", hash = "sha256:1088fbde8f2b49d95a549a195707afa7a76a3ce9bcadc26b6d71f0ffda5fe313", size = 1636369, upload-time = "2026-06-19T10:58:32.857Z" }
wheels = [
    { url = "https://files.pythonhosted.org/packages/24/25/1de2678b631f5a49215c6c96fff41ba892b0a34df68d6d80292b1b48aa7f/pytest-9.1.1-py3-none-any.whl", hash = "sha256:37a86b45efb9a47a61a36449063e8e18d0cab3161329fc099eb21783169c4f0c", size = 386536, upload-time = "2026-06-19T10:58:31.347Z" },
]

[[package]]
name = "pytest-benchmark"
version = "5.3.0"
source = { registry = "https://pypi.org/simple" }
dependencies = [
    { name = "py-cpuinfo2" },
    { name = "pytest" },
]
sdist = { url = "https://files.pythonhosted.org/packages/63/8f/83a15e40dbc34a580ee56eb56983cae5394c6e94d50cf28fe268e457be25/pytest_benchmark-5.3.0.tar.gz", hash = "sha256:358444d4e89be901ee2b6404fb043ac3d7684002ad7f3563cc153fca6339c965", size = 375410, upload-time = "2026-08-23T17:45:08.891Z" }
wheels = [
    { url = "https://files.pythonhosted.org/packages/eb/42/7e80f7cfa191e0a766d1de99b4661847415ad5db34f8209d81fd42175b59/pytest_benchmark-5.3.0-py3-none-any.whl", hash = "sha256:920ab1dfcffa718d49aa15ba144c7e357bda59216a0dc308016cc1c7236f719d", size = 48401, upload-time = "2026-08-23T17:45:07.094Z" },
]

[[package]]
name = "pytest-cov"
version = "7.1.0"
source = { registry = "https://pypi.org/simple" }
dependencies = [
    { name = "coverage" },
    { name = "pluggy" },
    { name = "pytest" },
]
sdist = { url = "https://files.pythonhosted.org/packages/b1/51/a849f96e117386044471c8ec2bd6cfebacda285da9525c9106aeb28da671/pytest_cov-7.1.0.tar.gz", hash = "sha256:30674f2b5f6351aa09702a9c8c364f6a01c27aae0c1366ae8016160d1efc56b2", size = 55592, upload-time = "2026-03-21T20:11:16.284Z" }
wheels = [
    { url = "https://files.pythonhosted.org/packages/9d/7a/d968e294073affff457b041c2be9868a40c1c71f4a35fcc1e45e5493067b/pytest_cov-7.1.0-py3-none-any.whl", hash = "sha256:a0461110b7865f9a271aa1b51e516c9a95de9d696734a2f71e3e78f46e1d4678", size = 22876, upload-time = "2026-03-21T20:11:14.438Z" },
]

[[package]]
name = "pytest-random-order"
version = "1.2.0"
source = { registry = "https://pypi.org/simple" }
dependencies = [
    { name = "pytest" },
]
sdist = { url = "https://files.pythonhosted.org/packages/a8/ad/a2a32d91effe0f84a300b9ba6c9d000bd52f31b77f8e49d8fd8653a9ddc3/pytest_random_order-1.2.0.tar.gz", hash = "sha256:12b2d4ee977ec9922b5e3575afe13c22cbdb06e3d03e550abc43df137b90439a", size = 107304, upload-time = "2025-06-22T14:44:43.807Z" }
wheels = [
    { url = "https://files.pythonhosted.org/packages/a4/7f/92c8dbe185aa38270fec1e73e0ed70d8e5de31963aa057ba621055f8b008/pytest_random_order-1.2.0-py3-none-any.whl", hash = "sha256:78d1d6f346222cdf26a7302c502d2f1cab19454529af960b8b9e1427a99ab277", size = 10889, upload-time = "2025-06-22T14:44:42.438Z" },
]

[[package]]
name = "ruff"
version = "0.16.9"
source = { registry = "https://pypi.org/simple" }
sdist = { url = "https://files.pythonhosted.org/packages/96/bf/c935ca98e73fe8ce65b87ef08a280c0c1e85295d569228c15e87d8fdfaf1/ruff-0.16.9.tar.gz", hash = "sha256:12b625c6cfba78d285d9f48eda5f053374f1e53cb10ef17342a383750db99161", size = 4948764, upload-time = "2026-09-24T20:37:49.416Z" }
wheels = [
    { url = "https://files.pythonhosted.org/packages/0d/26/df51322b52ee1ada7eff2d071ea09d11d5c2d1dcc9f02594f5785c4d1635/ruff-0.16.9-py3-none-linux_armv6l.whl", hash = "sha256:95e6f022090368ab3b824c36276839c53b2adf1a3f4c09fefc33dfc400f6da96", size = 10082922, upload-time = "2026-09-24T20:37:13.045Z" },
    { url = "https://files.pythonhosted.org/packages/a5/27/7bf51f5a7aa375e9f339280a303aab44ca75dc1525f1cdc5991761685b0f/ruff-0.16.9-py3-none-macosx_10_12_x86_64.whl", hash = "sha256:a5f27be168556594a86d2f415db0cf43f5291917849318f873c7e2791f7a8c67", size = 10236360, upload-time = "2026-09-24T20:37:16.049Z" },
    { url = "https://files.pythonhosted.org/packages/b6/63/09659283f92f02dff45809da194a70da2f688d87c55d8875c4fae3536072/ruff-0.16.9-py3-none-macosx_11_0_arm64.whl", hash = "sha256:1632eb1d6197f33bd00b1acbc5b71009e89a8895c158e2d2b03a834fac964ab6", size = 9892940, upload-time = "2026-09-24T20:37:17.957Z" },
    { url = "https://files.pythonhosted.org/packages/24/58/98de1b72ec172f5f8f1731236fe21585b3998bf7dfe9fcc44ae9ba626012/ruff-0.16.9-py3-none-manylinux_2_17_aarch64.manylinux2014_aarch64.whl", hash = "sha256:b3f951b14d865d5952c89d40a5ca07e87abe24fa5453299878411e127748fb1c", size = 10032114, upload-time = "2026-09-24T20:37:19.942Z" },
    { url = "https://files.pythonhosted.org/packages/c8/7d/f1e17c54ab59d4bad1dce8ee3e22a7a1d0ef4745240decacdcf3832b5bb2/ruff-0.16.9-py3-none-manylinux_2_17_armv7l.manylinux2014_armv7l.whl", hash = "sha256:447fc07e1573afff7cb02803462b12b6c8ece7cf10e2cd78565fa6d7a1c0bf8d", size = 9910227, upload-time = "2026-09-24T20:37:21.872Z" },
    { url = "https://files.pythonhosted.org/packages/34/19/436f647a65075bbd3bab2668b3bdaa5120559b294694018cdcefabbbf30b/ruff-0.16.9-py3-none-manylinux_2_17_i686.manylinux2014_i686.whl", hash = "sha256:8a3e039a6a40ed976c491722b60e0ae4a4aa1a86057f540ee7a37a5d19ae9120", size = 10547484, upload-time = "2026-09-24T20:37:24.229Z" },
    { url = "https://files.pythonhosted.org/packages/03/59/38430a6bc2f6d8095447ac39625cf8b6e9344a47e6c26225c8ba1bff3ffb/ruff-0.16.9-py3-none-manylinux_2_17_ppc64le.manylinux2014_ppc64le.whl", hash = "sha256:4684dded7db60aa57cb118fa158630f5feade4af5782903b6053484bdf9bd129", size = 11412367, upload-time = "2026-09-24T20:37:26.307Z" },
    { url = "https://files.pythonhosted.org/packages/c8/bd/bbb6d7fc7f208c8b8c50dd5dc8206e4cfdb1e7a8fb852606a3adf370c880/ruff-0.16.9-py3-none-manylinux_2_17_s390x.manylinux2014_s390x.whl", hash = "sha256:d29c934357e45642fda2f34c0b1f4025b4a6c01e15e4bf0016879d60078a142c", size = 10869787, upload-time = "2026-09-24T20:37:28.35Z" },
    { url = "https://files.pythonhosted.org/packages/bc/b8/9c543074918061abbefc3bd139bee22de35abedb00dde0f2d27288838962/ruff-0.16.9-py3-none-manylinux_2_17_x86_64.manylinux2014_x86_64.whl", hash = "sha256:a21713e629d3e5bdb2f5c2def1cc7f04f47fa8e1a7eb0571b4a28e1da64bc728", size = 10406494, upload-time = "2026-09-24T20:37:30.624Z" },
    { url = "https://files.pythonhosted.org/packages/35/7a/5a8851bd146e7ccf8fd4b003f6c75c11f8fbdb0e60673b45097986b6bf41/ruff-0.16.9-py3-none-manylinux_2_31_riscv64.whl", hash = "sha256:7baa24ef5fc8e77aa93879e1d3f43754a01ae488e869f1ae30cf431afd4d2452", size = 10590083, upload-time = "2026-09-24T20:37:32.439Z" },
    { url = "https://files.pythonhosted.org/packages/87/f0/4c3467188f23f806960b46fa76575a7cd0514c9ba90562650b71efc96980/ruff-0.16.9-py3-none-musllinux_1_2_aarch64.whl", hash = "sha256:a41aac6230aadfaa133bdfa1614488531ffa3e0837567ae04c0da2058a9c0f9e", size = 10119151, upload-time = "2026-09-24T20:37:34.581Z" },
    { url = "https://files.pythonhosted.org/packages/15/34/5a4def5adea572ce6aea0bb64f21f928ee317b80e0db747d7979b01d7261/ruff-0.16.9-py3-none-musllinux_1_2_armv7l.whl", hash = "sha256:c2529fb5896d49115b0e9aa8f887490b34bbe76baf879ec2264ac59406869ce7", size = 9911544, upload-time = "2026-09-24T20:37:36.796Z" },
    { url = "https://files.pythonhosted.org/packages/62/5d/d15ebea7499eef9373318c0ee6ca127832927c6529731f6d48e18dce7ca9/ruff-0.16.9-py3-none-musllinux_1_2_i686.whl", hash = "sha256:41e3870277694177429b56406d65dfbdb2c2802c52b715edaf6a0b829c69d4ee", size = 10269884, upload-time = "2026-09-24T20:37:38.857Z" },
    { url = "https://files.pythonhosted.org/packages/d1/56/c5d3cd119ded7a3c7aba0e961b69cb3df701c91662c98ad694467d060ce1/ruff-0.16.9-py3-none-musllinux_1_2_x86_64.whl", hash = "sha256:8adbe4e58af167f767d7b2ba5e83c42e878350796cf78c2f5e14ab9903a92588", size = 10749366, upload-time = "2026-09-24T20:37:41.042Z" },
    { url = "https://files.pythonhosted.org/packages/ac/fe/734ec7527029ac757ecf821f143c9f3fcf69149c21f53a044a899b430f5a/ruff-0.16.9-py3-none-win32.whl", hash = "sha256:0e1dbc2073624dee6618d41d0098690a7244654af746704b64759e12b6b6b385", size = 10152355, upload-time = "2026-09-24T20:37:43.025Z" },
    { url = "https://files.pythonhosted.org/packages/14/21/26e4643629b3ebb44f0a06f9c9a53058d63d989415f63a9a3c28e2ee7f22/ruff-0.16.9-py3-none-win_amd64.whl", hash = "sha256:6bd40fec8cd4c8a3d4dd589bd8ad4e6320c13c29234159bfd959a40d529d597b", size = 10592965, upload-time = "2026-09-24T20:37:44.944Z" },
    { url = "https://files.pythonhosted.org/packages/51/60/5fb1a39dbb5ae314d5f59bc7348a63c1d5c20f3cd83914c4b5cb0be31d2d/ruff-0.16.9-py3-none-win_arm64.whl", hash = "sha256:ed1a252039200f57a59eebc063b54beabea67bfbaaca0eeaa7f54b5fbcda2284", size = 10458649, upload-time = "2026-09-24T20:37:46.882Z" },
]

[[package]]
name = "ty"
version = "0.0.84"
source = { registry = "https://pypi.org/simple" }
sdist = { url = "https://files.pythonhosted.org/packages/e1/f6/34f8869c45ea87fe6a931ffa824b1fe4428167173543d92988d631add355/ty-0.0.84.tar.gz", hash = "sha256:0cefdb0cd5d399418dbe83c349ba605047b7dff815ae6f460c80e8522b40be67", size = 7409537, upload-time = "2026-09-24T13:16:24.367Z" }
wheels = [
    { url = "https://files.pythonhosted.org/packages/aa/0c/600648778e1c79133ce6b6a5c4c2531ae16b90c9b30f5041b38b574f61b8/ty-0.0.84-py3-none-linux_armv6l.whl", hash = "sha256:868438e2b9abfc835dd5b5b07ed693db95d8348ac40e3228252511d63ae87695", size = 13935333, upload-time = "2026-09-24T13:15:31.167Z" },
    { url = "https://files.pythonhosted.org/packages/c5/3b/27f06f49945c36170765fad82076898039ae3873338e9865f876dd62f12c/ty-0.0.84-py3-none-macosx_10_12_x86_64.whl", hash = "sha256:b00f39b521f0b559cde0f6abf8dd47213b513b04f33d58efeb9b98486a16bb17", size = 13511328, upload-time = "2026-09-24T13:15:34.446Z" },
    { url = "https://files.pythonhosted.org/packages/fc/b6/b12dd130e7f30141f0645614f454c925991cd389b1cc6c8284fd6bf32326/ty-0.0.84-py3-none-macosx_11_0_arm64.whl", hash = "sha256:8f78c2915567f2ee62ce0c24d86091bc76f81577677755e242d09951db588b9a", size = 13445445, upload-time = "2026-09-24T13:15:37.476Z" },
    { url = "https://files.pythonhosted.org/packages/44/96/f012de4b3c1d9a4773326621380d768b4d48c47e620dc012775c5e01c7d7/ty-0.0.84-py3-none-manylinux_2_17_aarch64.manylinux2014_aarch64.whl", hash = "sha256:61155cad0921e890d86d1d911a40b3a0e924ef4bdc3b4f3865a6c89c7e3012dc", size = 13471235, upload-time = "2026-09-24T13:15:40.64Z" },
    { url = "https://files.pythonhosted.org/packages/05/32/dca630f5f5353fa7bf67eebccf1549df99b16656d21071d0df6677c826a5/ty-0.0.84-py3-none-manylinux_2_17_armv7l.manylinux2014_armv7l.whl", hash = "sha256:417c3bf14947ed16b0b92976ab333c27915590354e96d4f581709068d3811355", size = 13680704, upload-time = "2026-09-24T13:15:43.817Z" },
    { url = "https://files.pythonhosted.org/packages/44/8d/33702c8f62f05ad45b33644fb914d483de6a0a7bc8e51884e9b8773e6d69/ty-0.0.84-py3-none-manylinux_2_17_i686.manylinux2014_i686.whl", hash = "sha256:e06ef117759f654f5379efe9ae79bda8a186016c016f1023d05c34f8e15c1546", size = 14518923, upload-time = "2026-09-24T13:15:46.802Z" },
    { url = "https://files.pythonhosted.org/packages/c8/a1/da3246e6ef2ae0e842bca4058b25c54bee55ab058ffff4ee54e72517ec01/ty-0.0.84-py3-none-manylinux_2_17_ppc64le.manylinux2014_ppc64le.whl", hash = "sha256:a05d1d53db8b64410ab38c6e32c5898510584869d1d5dd9c0605db81c9aef7df", size = 15027731, upload-time = "2026-09-24T13:15:49.755Z" },
    { url = "https://files.pythonhosted.org/packages/20/17/b0099098a560aeb4f9fde6c912f9a81622c3e44e6555e1fbe322b368ec31/ty-0.0.84-py3-none-manylinux_2_17_s390x.manylinux2014_s390x.whl", hash = "sha256:b92400494ab855cfb1204ac1101e3f53b2d09a8e21d171758b2cf9acdab1809e", size = 14748260, upload-time = "2026-09-24T13:15:52.713Z" },
    { url = "https://files.pythonhosted.org/packages/60/d5/32cd67aedb271f006e716ad093806c96c5d7e2af86be8255469dbd3d76c8/ty-0.0.84-py3-none-manylinux_2_17_x86_64.manylinux2014_x86_64.whl", hash = "sha256:af17eb391ae3027fed9be1780bea555c2b8a25ba68e184c627b4981b2c9eaab7", size = 14205858, upload-time = "2026-09-24T13:15:55.677Z" },
    { url = "https://files.pythonhosted.org/packages/43/c4/638ac62ca2e8eca1b92e3e16273085744fada728b993500819b5c258ca15/ty-0.0.84-py3-none-manylinux_2_31_riscv64.whl", hash = "sha256:44cf06af0e7ec78ea6d8ff33a3450fc19627756a4fba681f7410d4e3ef63047a", size = 14573196, upload-time = "2026-09-24T13:15:59.165Z" },
    { url = "https://files.pythonhosted.org/packages/a6/f6/9ee81c5d8921e5fd5f10889ae563c95cd3272b31df2ada528919ca1cef6b/ty-0.0.84-py3-none-musllinux_1_2_aarch64.whl", hash = "sha256:c6e56b443ff9ba462e34bfbc1e582004c2719ed35f8f93a433744b0ba0afb2d9", size = 13480760, upload-time = "2026-09-24T13:16:02.313Z" },
    { url = "https://files.pythonhosted.org/packages/f6/83/fbe5d1177667ae16d84c3242846b143809c9cc09568b333e5a9b4d5908f6/ty-0.0.84-py3-none-musllinux_1_2_armv7l.whl", hash = "sha256:8b6562fcc48820c1030e2a4509ef2c14ef93043ca4860280074314ac3a825b95", size = 13696346, upload-time = "2026-09-24T13:16:05.391Z" },
    { url = "https://files.pythonhosted.org/packages/86/9a/1b4ac9ddc34cc0ab4624bc219825d66af52f1ad87f4778ad08ad03fa06d5/ty-0.0.84-py3-none-musllinux_1_2_i686.whl", hash = "sha256:dee7421451efcbd70f03e95a8f2c8d9e5ec3d35edcd27b4095ee00ee062abfc4", size = 13959410, upload-time = "2026-09-24T13:16:08.661Z" },
    { url = "https://files.pythonhosted.org/packages/c9/04/70e289437a67dfd686056ab4fd91880261a8233033a6a95d29393741fb97/ty-0.0.84-py3-none-musllinux_1_2_x86_64.whl", hash = "sha256:31e96307cf621babe969307dd657783d672e2d8bdbd06493710da635bf63fa07", size = 14350294, upload-time = "2026-09-24T13:16:11.865Z" },
    { url = "https://files.pythonhosted.org/packages/9c/f4/ae7dbd118425c850981d23efb850f0d9d7f6b8d2b852bde2767434f668b4/ty-0.0.84-py3-none-win32.whl", hash = "sha256:4bdc85f91cbaae35825f2b17bb4ac5de0563367875cb0f42b2bf07a1bf7ff2ba", size = 13176439, upload-time = "2026-09-24T13:16:15.049Z" },
    { url = "https://files.pythonhosted.org/packages/29/ec/994d87252f065dda5a500bc8afc726d18f6582d81d6f4ff1feb8a267c800/ty-0.0.84-py3-none-win_amd64.whl", hash = "sha256:71cc9aa7a7c89d4e12c6a814e9c0c3310ad5bee44efedbd6f5a42d91e9ac0f0d", size = 13962879, upload-time = "2026-09-24T13:16:18.191Z" },
    { url = "https://files.pythonhosted.org/packages/6d/1c/e6e91852b72566b1ab9aca504712857dfb89324c12092a5bd61d42d34427/ty-0.0.84-py3-none-win_arm64.whl", hash = "sha256:6c9d3718c4a0d318bc9c92af9b2aa85c3294e7dff54cf1d69ad79568f56516da", size = 13656453, upload-time = "2026-09-24T13:16:21.51Z" },
]
